
Microsoft Visual Studio Solution File, Format Version 12.00
# Visual Studio Version 17
VisualStudioVersion = 17.0.31903.59
MinimumVisualStudioVersion = 10.0.40219.1
Project("{2150E333-8FDC-42A3-9474-1A3956D46DE8}") = "src", "src", "{F4ECE17E-E995-4A1E-8A15-F51754E39386}"
EndProject
Project("{FAE04EC0-301F-11D3-BF4B-00C04F79EFBC}") = "OpenInzone.Core", "src\OpenInzone.Core\OpenInzone.Core.csproj", "{C11607E4-14C7-4A5A-A1ED-8752ABF36E94}"
EndProject
Project("{FAE04EC0-301F-11D3-BF4B-00C04F79EFBC}") = "OpenInzone.Cli", "src\OpenInzone.Cli\OpenInzone.Cli.csproj", "{CA591014-750B-43BE-80B0-D748990936C9}"
EndProject
Project("{2150E333-8FDC-42A3-9474-1A3956D46DE8}") = "tests", "tests", "{3B376EE3-5157-48FC-9938-208C0EB297A8}"
EndProject
Project("{FAE04EC0-301F-11D3-BF4B-00C04F79EFBC}") = "OpenInzone.Core.Tests", "tests\OpenInzone.Core.Tests\OpenInzone.Core.Tests.csproj", "{DE0C26EB-7BEB-496D-A13B-0C2F34F68ECF}"
EndProject
Project("{FAE04EC0-301F-11D3-BF4B-00C04F79EFBC}") = "OpenInzone.Control", "src\OpenInzone.Control\OpenInzone.Control.csproj", "{70B50676-29D7-4330-B1D6-F5A087898FE1}"
EndProject
Project("{FAE04EC0-301F-11D3-BF4B-00C04F79EFBC}") = "OpenInzone.Tray", "src\OpenInzone.Tray\OpenInzone.Tray.csproj", "{C8E5DFB8-DB4A-4740-A8CA-BDAFF13E2E87}"
EndProject
Project("{FAE04EC0-301F-11D3-BF4B-00C04F79EFBC}") = "OpenInzone.Ipc", "src\OpenInzone.Ipc\OpenInzone.Ipc.csproj", "{672DCFF1-7B97-4ABE-BC5B-3864F222A4B3}"
EndProject
Project("{FAE04EC0-301F-11D3-BF4B-00C04F79EFBC}") = "OpenInzone.StreamDeck", "src\OpenInzone.StreamDeck\OpenInzone.StreamDeck.csproj", "{F9DA4587-9E87-4E8E-94BC-B34806DB70A3}"
EndProject
Project("{FAE04EC0-301F-11D3-BF4B-00C04F79EFBC}") = "OpenInzone.Daemon", "src\OpenInzone.Daemon\OpenInzone.Daemon.csproj", "{AB36DF14-9812-4BE4-9860-B86669954DD1}"
EndProject
Project("{2150E333-8FDC-42A3-9474-1A3956D46DE8}") = "plugin", "plugin", "{E5C0AF36-FEDA-4578-80BA-53F49B02184F}"
EndProject
Project("{FAE04EC0-301F-11D3-BF4B-00C04F79EFBC}") = "FakeStreamDeck", "plugin\FakeStreamDeck\FakeStreamDeck.csproj", "{A594DF80-A196-46D0-8CBC-21C7AA336C5C}"
EndProject
Global
	GlobalSection(SolutionConfigurationPlatforms) = preSolution
		Debug|Any CPU = Debug|Any CPU
		Release|Any CPU = Release|Any CPU
	EndGlobalSection
	GlobalSection(SolutionProperties) = preSolution
		HideSolutionNode = FALSE
	EndGlobalSection
	GlobalSection(ProjectConfigurationPlatforms) = postSolution
		{C11607E4-14C7-4A5A-A1ED-8752ABF36E94}.Debug|Any CPU.ActiveCfg = Debug|Any CPU
		{C11607E4-14C7-4A5A-A1ED-8752ABF36E94}.Debug|Any CPU.Build.0 = Debug|Any CPU
		{C11607E4-14C7-4A5A-A1ED-8752ABF36E94}.Release|Any CPU.ActiveCfg = Release|Any CPU
		{C11607E4-14C7-4A5A-A1ED-8752ABF36E94}.Release|Any CPU.Build.0 = Release|Any CPU
		{CA591014-750B-43BE-80B0-D748990936C9}.Debug|Any CPU.ActiveCfg = Debug|Any CPU
		{CA591014-750B-43BE-80B0-D748990936C9}.Debug|Any CPU.Build.0 = Debug|Any CPU
		{CA591014-750B-43BE-80B0-D748990936C9}.Release|Any CPU.ActiveCfg = Release|Any CPU
		{CA591014-750B-43BE-80B0-D748990936C9}.Release|Any CPU.Build.0 = Release|Any CPU
		{DE0C26EB-7BEB-496D-A13B-0C2F34F68ECF}.Debug|Any CPU.ActiveCfg = Debug|Any CPU
		{DE0C26EB-7BEB-496D-A13B-0C2F34F68ECF}.Debug|Any CPU.Build.0 = Debug|Any CPU
		{DE0C26EB-7BEB-496D-A13B-0C2F34F68ECF}.Release|Any CPU.ActiveCfg = Release|Any CPU
		{DE0C26EB-7BEB-496D-A13B-0C2F34F68ECF}.Release|Any CPU.Build.0 = Release|Any CPU
		{70B50676-29D7-4330-B1D6-F5A087898FE1}.Debug|Any CPU.ActiveCfg = Debug|Any CPU
		{70B50676-29D7-4330-B1D6-F5A087898FE1}.Debug|Any CPU.Build.0 = Debug|Any CPU
		{70B50676-29D7-4330-B1D6-F5A087898FE1}.Release|Any CPU.ActiveCfg = Release|Any CPU
		{70B50676-29D7-4330-B1D6-F5A087898FE1}.Release|Any CPU.Build.0 = Release|Any CPU
		{C8E5DFB8-DB4A-4740-A8CA-BDAFF13E2E87}.Debug|Any CPU.ActiveCfg = Debug|Any CPU
		{C8E5DFB8-DB4A-4740-A8CA-BDAFF13E2E87}.Debug|Any CPU.Build.0 = Debug|Any CPU
		{C8E5DFB8-DB4A-4740-A8CA-BDAFF13E2E87}.Release|Any CPU.ActiveCfg = Release|Any CPU
		{C8E5DFB8-DB4A-4740-A8CA-BDAFF13E2E87}.Release|Any CPU.Build.0 = Release|Any CPU
		{672DCFF1-7B97-4ABE-BC5B-3864F222A4B3}.Debug|Any CPU.ActiveCfg = Debug|Any CPU
		{672DCFF1-7B97-4ABE-BC5B-3864F222A4B3}.Debug|Any CPU.Build.0 = Debug|Any CPU
		{672DCFF1-7B97-4ABE-BC5B-3864F222A4B3}.Release|Any CPU.ActiveCfg = Release|Any CPU
		{672DCFF1-7B97-4ABE-BC5B-3864F222A4B3}.Release|Any CPU.Build.0 = Release|Any CPU
		{F9DA4587-9E87-4E8E-94BC-B34806DB70A3}.Debug|Any CPU.ActiveCfg = Debug|Any CPU
		{F9DA4587-9E87-4E8E-94BC-B34806DB70A3}.Debug|Any CPU.Build.0 = Debug|Any CPU
		{F9DA4587-9E87-4E8E-94BC-B34806DB70A3}.Release|Any CPU.ActiveCfg = Release|Any CPU
		{F9DA4587-9E87-4E8E-94BC-B34806DB70A3}.Release|Any CPU.Build.0 = Release|Any CPU
		{AB36DF14-9812-4BE4-9860-B86669954DD1}.Debug|Any CPU.ActiveCfg = Debug|Any CPU
		{AB36DF14-9812-4BE4-9860-B86669954DD1}.Debug|Any CPU.Build.0 = Debug|Any CPU
		{AB36DF14-9812-4BE4-9860-B86669954DD1}.Release|Any CPU.ActiveCfg = Release|Any CPU
		{AB36DF14-9812-4BE4-9860-B86669954DD1}.Release|Any CPU.Build.0 = Release|Any CPU
		{A594DF80-A196-46D0-8CBC-21C7AA336C5C}.Debug|Any CPU.ActiveCfg = Debug|Any CPU
		{A594DF80-A196-46D0-8CBC-21C7AA336C5C}.Debug|Any CPU.Build.0 = Debug|Any CPU
		{A594DF80-A196-46D0-8CBC-21C7AA336C5C}.Release|Any CPU.ActiveCfg = Release|Any CPU
		{A594DF80-A196-46D0-8CBC-21C7AA336C5C}.Release|Any CPU.Build.0 = Release|Any CPU
	EndGlobalSection
	GlobalSection(NestedProjects) = preSolution
		{C11607E4-14C7-4A5A-A1ED-8752ABF36E94} = {F4ECE17E-E995-4A1E-8A15-F51754E39386}
		{CA591014-750B-43BE-80B0-D748990936C9} = {F4ECE17E-E995-4A1E-8A15-F51754E39386}
		{DE0C26EB-7BEB-496D-A13B-0C2F34F68ECF} = {3B376EE3-5157-48FC-9938-208C0EB297A8}
		{70B50676-29D7-4330-B1D6-F5A087898FE1} = {F4ECE17E-E995-4A1E-8A15-F51754E39386}
		{C8E5DFB8-DB4A-4740-A8CA-BDAFF13E2E87} = {F4ECE17E-E995-4A1E-8A15-F51754E39386}
		{672DCFF1-7B97-4ABE-BC5B-3864F222A4B3} = {F4ECE17E-E995-4A1E-8A15-F51754E39386}
		{F9DA4587-9E87-4E8E-94BC-B34806DB70A3} = {F4ECE17E-E995-4A1E-8A15-F51754E39386}
		{AB36DF14-9812-4BE4-9860-B86669954DD1} = {F4ECE17E-E995-4A1E-8A15-F51754E39386}
		{A594DF80-A196-46D0-8CBC-21C7AA336C5C} = {E5C0AF36-FEDA-4578-80BA-53F49B02184F}
	EndGlobalSection
EndGlobal
